
Microsoft Visual Studio Solution File, Format Version 12.00
# Visual Studio 14
VisualStudioVersion = 14.0.25420.1
MinimumVisualStudioVersion = 10.0.40219.1
Project("{FAE04EC0-301F-11D3-BF4B-00C04F79EFBC}") = "DXMVVMSampleWinForms", "DXMVVMSampleWinForms\DXMVVMSampleWinForms.csproj", "{581938BF-B76B-4885-A17A-1A1DD00875FC}"
EndProject
Project("{FAE04EC0-301F-11D3-BF4B-00C04F79EFBC}") = "DXMVVMSampleWPF", "DXMVVMSampleWPF\DXMVVMSampleWPF.csproj", "{4370F5CA-1227-4F6F-A923-9128CC05F395}"
EndProject
Global
	GlobalSection(SolutionConfigurationPlatforms) = preSolution
		Debug|Any CPU = Debug|Any CPU
		Release|Any CPU = Release|Any CPU
	EndGlobalSection
	GlobalSection(ProjectConfigurationPlatforms) = postSolution
		{581938BF-B76B-4885-A17A-1A1DD00875FC}.Debug|Any CPU.ActiveCfg = Debug|Any CPU
		{581938BF-B76B-4885-A17A-1A1DD00875FC}.Debug|Any CPU.Build.0 = Debug|Any CPU
		{581938BF-B76B-4885-A17A-1A1DD00875FC}.Release|Any CPU.ActiveCfg = Release|Any CPU
		{581938BF-B76B-4885-A17A-1A1DD00875FC}.Release|Any CPU.Build.0 = Release|Any CPU
		{4370F5CA-1227-4F6F-A923-9128CC05F395}.Debug|Any CPU.ActiveCfg = Debug|Any CPU
		{4370F5CA-1227-4F6F-A923-9128CC05F395}.Debug|Any CPU.Build.0 = Debug|Any CPU
		{4370F5CA-1227-4F6F-A923-9128CC05F395}.Release|Any CPU.ActiveCfg = Release|Any CPU
		{4370F5CA-1227-4F6F-A923-9128CC05F395}.Release|Any CPU.Build.0 = Release|Any CPU
	EndGlobalSection
	GlobalSection(SolutionProperties) = preSolution
		HideSolutionNode = FALSE
	EndGlobalSection
EndGlobal
